// !$*UTF8*$!
{
	archiveVersion = 1;
	classes = {
	};
	objectVersion = 46;
	objects = {

/* Begin PBXBuildFile section */
		6E9678321B31FBDD003AFBBA /* DDRange.m in Sources */ = {isa = PBXBuildFile; fileRef = 6EF6320419C417EA006FBD89 /* DDRange.m */; };
		6E9678331B31FBDD003AFBBA /* MultipartFormDataParser.m in Sources */ = {isa = PBXBuildFile; fileRef = 6EF6321119C417EA006FBD89 /* MultipartFormDataParser.m */; };
		6E9678341B31FBDD003AFBBA /* HTTPRedirectResponse.m in Sources */ = {isa = PBXBuildFile; fileRef = 6EF6322219C417EA006FBD89 /* HTTPRedirectResponse.m */; };
		6E9678351B31FBDD003AFBBA /* HTTPDataResponse.m in Sources */ = {isa = PBXBuildFile; fileRef = 6EF6321A19C417EA006FBD89 /* HTTPDataResponse.m */; };
		6E9678361B31FBDD003AFBBA /* HTTPMessage.m in Sources */ = {isa = PBXBuildFile; fileRef = 6EF6320B19C417EA006FBD89 /* HTTPMessage.m */; };
		6E9678371B31FBDD003AFBBA /* HTTPDynamicFileResponse.m in Sources */ = {isa = PBXBuildFile; fileRef = 6EF6321C19C417EA006FBD89 /* HTTPDynamicFileResponse.m */; };
		6E9678381B31FBDD003AFBBA /* DDNumber.m in Sources */ = {isa = PBXBuildFile; fileRef = 6EF6320219C417EA006FBD89 /* DDNumber.m */; };
		6E9678391B31FBDD003AFBBA /* DDData.m in Sources */ = {isa = PBXBuildFile; fileRef = 6EF6320019C417EA006FBD89 /* DDData.m */; };
		6E96783A1B31FBDD003AFBBA /* WebSocket.m in Sources */ = {isa = PBXBuildFile; fileRef = 6EF6322419C417EA006FBD89 /* WebSocket.m */; };
		6E96783B1B31FBDD003AFBBA /* HTTPAuthenticationRequest.m in Sources */ = {isa = PBXBuildFile; fileRef = 6EF6320619C417EA006FBD89 /* HTTPAuthenticationRequest.m */; };
		6E96783C1B31FBDD003AFBBA /* HTTPAsyncFileResponse.m in Sources */ = {isa = PBXBuildFile; fileRef = 6EF6321819C417EA006FBD89 /* HTTPAsyncFileResponse.m */; };
		6E96783D1B31FBDD003AFBBA /* HTTPErrorResponse.m in Sources */ = {isa = PBXBuildFile; fileRef = 6EF6321E19C417EA006FBD89 /* HTTPErrorResponse.m */; };
		6E96783E1B31FBDD003AFBBA /* MultipartMessageHeader.m in Sources */ = {isa = PBXBuildFile; fileRef = 6EF6321319C417EA006FBD89 /* MultipartMessageHeader.m */; };
		6E96783F1B31FBDD003AFBBA /* HTTPServer.m in Sources */ = {isa = PBXBuildFile; fileRef = 6EF6320E19C417EA006FBD89 /* HTTPServer.m */; };
		6E9678401B31FBDD003AFBBA /* MultipartMessageHeaderField.m in Sources */ = {isa = PBXBuildFile; fileRef = 6EF6321519C417EA006FBD89 /* MultipartMessageHeaderField.m */; };
		6E9678411B31FBDD003AFBBA /* HTTPFileResponse.m in Sources */ = {isa = PBXBuildFile; fileRef = 6EF6322019C417EA006FBD89 /* HTTPFileResponse.m */; };
		6E9678421B31FBDD003AFBBA /* HTTPConnection.m in Sources */ = {isa = PBXBuildFile; fileRef = 6EF6320819C417EA006FBD89 /* HTTPConnection.m */; };
		6E9678451B31FBDD003AFBBA /* CocoaHTTPServer.h in Headers */ = {isa = PBXBuildFile; fileRef = 6EF631EA19C4178D006FBD89 /* CocoaHTTPServer.h */; settings = {ATTRIBUTES = (Public, ); }; };
		6E9678461B31FBDD003AFBBA /* HTTPMessage.h in Headers */ = {isa = PBXBuildFile; fileRef = 6EF6320A19C417EA006FBD89 /* HTTPMessage.h */; settings = {ATTRIBUTES = (Public, ); }; };
		6E9678471B31FBDD003AFBBA /* HTTPConnection.h in Headers */ = {isa = PBXBuildFile; fileRef = 6EF6320719C417EA006FBD89 /* HTTPConnection.h */; settings = {ATTRIBUTES = (Public, ); }; };
		6E9678481B31FBDD003AFBBA /* MultipartMessageHeader.h in Headers */ = {isa = PBXBuildFile; fileRef = 6EF6321219C417EA006FBD89 /* MultipartMessageHeader.h */; settings = {ATTRIBUTES = (Public, ); }; };
		6E9678491B31FBDD003AFBBA /* HTTPFileResponse.h in Headers */ = {isa = PBXBuildFile; fileRef = 6EF6321F19C417EA006FBD89 /* HTTPFileResponse.h */; settings = {ATTRIBUTES = (Public, ); }; };
		6E96784A1B31FBDD003AFBBA /* HTTPDynamicFileResponse.h in Headers */ = {isa = PBXBuildFile; fileRef = 6EF6321B19C417EA006FBD89 /* HTTPDynamicFileResponse.h */; settings = {ATTRIBUTES = (Public, ); }; };
		6E96784B1B31FBDD003AFBBA /* MultipartFormDataParser.h in Headers */ = {isa = PBXBuildFile; fileRef = 6EF6321019C417EA006FBD89 /* MultipartFormDataParser.h */; settings = {ATTRIBUTES = (Public, ); }; };
		6E96784C1B31FBDD003AFBBA /* HTTPAuthenticationRequest.h in Headers */ = {isa = PBXBuildFile; fileRef = 6EF6320519C417EA006FBD89 /* HTTPAuthenticationRequest.h */; settings = {ATTRIBUTES = (Public, ); }; };
		6E96784D1B31FBDD003AFBBA /* MultipartMessageHeaderField.h in Headers */ = {isa = PBXBuildFile; fileRef = 6EF6321419C417EA006FBD89 /* MultipartMessageHeaderField.h */; settings = {ATTRIBUTES = (Public, ); }; };
		6E96784E1B31FBDD003AFBBA /* HTTPAsyncFileResponse.h in Headers */ = {isa = PBXBuildFile; fileRef = 6EF6321719C417EA006FBD89 /* HTTPAsyncFileResponse.h */; settings = {ATTRIBUTES = (Public, ); }; };
		6E96784F1B31FBDD003AFBBA /* DDRange.h in Headers */ = {isa = PBXBuildFile; fileRef = 6EF6320319C417EA006FBD89 /* DDRange.h */; settings = {ATTRIBUTES = (Public, ); }; };
		6E9678501B31FBDD003AFBBA /* HTTPRedirectResponse.h in Headers */ = {isa = PBXBuildFile; fileRef = 6EF6322119C417EA006FBD89 /* HTTPRedirectResponse.h */; settings = {ATTRIBUTES = (Public, ); }; };
		6E9678511B31FBDD003AFBBA /* DDData.h in Headers */ = {isa = PBXBuildFile; fileRef = 6EF631FF19C417EA006FBD89 /* DDData.h */; settings = {ATTRIBUTES = (Public, ); }; };
		6E9678521B31FBDD003AFBBA /* DDNumber.h in Headers */ = {isa = PBXBuildFile; fileRef = 6EF6320119C417EA006FBD89 /* DDNumber.h */; settings = {ATTRIBUTES = (Public, ); }; };
		6E9678531B31FBDD003AFBBA /* HTTPResponse.h in Headers */ = {isa = PBXBuildFile; fileRef = 6EF6320C19C417EA006FBD89 /* HTTPResponse.h */; settings = {ATTRIBUTES = (Public, ); }; };
		6E9678541B31FBDD003AFBBA /* WebSocket.h in Headers */ = {isa = PBXBuildFile; fileRef = 6EF6322319C417EA006FBD89 /* WebSocket.h */; settings = {ATTRIBUTES = (Public, ); }; };
		6E9678551B31FBDD003AFBBA /* HTTPErrorResponse.h in Headers */ = {isa = PBXBuildFile; fileRef = 6EF6321D19C417EA006FBD89 /* HTTPErrorResponse.h */; settings = {ATTRIBUTES = (Public, ); }; };
		6E9678561B31FBDD003AFBBA /* HTTPDataResponse.h in Headers */ = {isa = PBXBuildFile; fileRef = 6EF6321919C417EA006FBD89 /* HTTPDataResponse.h */; settings = {ATTRIBUTES = (Public, ); }; };
		6E9678571B31FBDD003AFBBA /* HTTPServer.h in Headers */ = {isa = PBXBuildFile; fileRef = 6EF6320D19C417EA006FBD89 /* HTTPServer.h */; settings = {ATTRIBUTES = (Public, ); }; };
		6E9678601B31FCC6003AFBBA /* CocoaHTTPServerTests.m in Sources */ = {isa = PBXBuildFile; fileRef = 6EF631F419C4178D006FBD89 /* CocoaHTTPServerTests.m */; };
		6EF631EB19C4178D006FBD89 /* CocoaHTTPServer.h in Headers */ = {isa = PBXBuildFile; fileRef = 6EF631EA19C4178D006FBD89 /* CocoaHTTPServer.h */; settings = {ATTRIBUTES = (Public, ); }; };
		6EF631F519C4178D006FBD89 /* CocoaHTTPServerTests.m in Sources */ = {isa = PBXBuildFile; fileRef = 6EF631F419C4178D006FBD89 /* CocoaHTTPServerTests.m */; };
		6EF6322519C417EA006FBD89 /* DDData.h in Headers */ = {isa = PBXBuildFile; fileRef = 6EF631FF19C417EA006FBD89 /* DDData.h */; settings = {ATTRIBUTES = (Public, ); }; };
		6EF6322619C417EA006FBD89 /* DDData.m in Sources */ = {isa = PBXBuildFile; fileRef = 6EF6320019C417EA006FBD89 /* DDData.m */; };
		6EF6322719C417EA006FBD89 /* DDNumber.h in Headers */ = {isa = PBXBuildFile; fileRef = 6EF6320119C417EA006FBD89 /* DDNumber.h */; settings = {ATTRIBUTES = (Public, ); }; };
		6EF6322819C417EA006FBD89 /* DDNumber.m in Sources */ = {isa = PBXBuildFile; fileRef = 6EF6320219C417EA006FBD89 /* DDNumber.m */; };
		6EF6322919C417EA006FBD89 /* DDRange.h in Headers */ = {isa = PBXBuildFile; fileRef = 6EF6320319C417EA006FBD89 /* DDRange.h */; settings = {ATTRIBUTES = (Public, ); }; };
		6EF6322A19C417EA006FBD89 /* DDRange.m in Sources */ = {isa = PBXBuildFile; fileRef = 6EF6320419C417EA006FBD89 /* DDRange.m */; };
		6EF6322B19C417EA006FBD89 /* HTTPAuthenticationRequest.h in Headers */ = {isa = PBXBuildFile; fileRef = 6EF6320519C417EA006FBD89 /* HTTPAuthenticationRequest.h */; settings = {ATTRIBUTES = (Public, ); }; };
		6EF6322C19C417EA006FBD89 /* HTTPAuthenticationRequest.m in Sources */ = {isa = PBXBuildFile; fileRef = 6EF6320619C417EA006FBD89 /* HTTPAuthenticationRequest.m */; };
		6EF6322D19C417EA006FBD89 /* HTTPConnection.h in Headers */ = {isa = PBXBuildFile; fileRef = 6EF6320719C417EA006FBD89 /* HTTPConnection.h */; settings = {ATTRIBUTES = (Public, ); }; };
		6EF6322E19C417EA006FBD89 /* HTTPConnection.m in Sources */ = {isa = PBXBuildFile; fileRef = 6EF6320819C417EA006FBD89 /* HTTPConnection.m */; };
		6EF6323019C417EA006FBD89 /* HTTPMessage.h in Headers */ = {isa = PBXBuildFile; fileRef = 6EF6320A19C417EA006FBD89 /* HTTPMessage.h */; settings = {ATTRIBUTES = (Public, ); }; };
		6EF6323119C417EA006FBD89 /* HTTPMessage.m in Sources */ = {isa = PBXBuildFile; fileRef = 6EF6320B19C417EA006FBD89 /* HTTPMessage.m */; };
		6EF6323219C417EA006FBD89 /* HTTPResponse.h in Headers */ = {isa = PBXBuildFile; fileRef = 6EF6320C19C417EA006FBD89 /* HTTPResponse.h */; settings = {ATTRIBUTES = (Public, ); }; };
		6EF6323319C417EA006FBD89 /* HTTPServer.h in Headers */ = {isa = PBXBuildFile; fileRef = 6EF6320D19C417EA006FBD89 /* HTTPServer.h */; settings = {ATTRIBUTES = (Public, ); }; };
		6EF6323419C417EA006FBD89 /* HTTPServer.m in Sources */ = {isa = PBXBuildFile; fileRef = 6EF6320E19C417EA006FBD89 /* HTTPServer.m */; };
		6EF6323519C417EA006FBD89 /* MultipartFormDataParser.h in Headers */ = {isa = PBXBuildFile; fileRef = 6EF6321019C417EA006FBD89 /* MultipartFormDataParser.h */; settings = {ATTRIBUTES = (Public, ); }; };
		6EF6323619C417EA006FBD89 /* MultipartFormDataParser.m in Sources */ = {isa = PBXBuildFile; fileRef = 6EF6321119C417EA006FBD89 /* MultipartFormDataParser.m */; };
		6EF6323719C417EA006FBD89 /* MultipartMessageHeader.h in Headers */ = {isa = PBXBuildFile; fileRef = 6EF6321219C417EA006FBD89 /* MultipartMessageHeader.h */; settings = {ATTRIBUTES = (Public, ); }; };
		6EF6323819C417EA006FBD89 /* MultipartMessageHeader.m in Sources */ = {isa = PBXBuildFile; fileRef = 6EF6321319C417EA006FBD89 /* MultipartMessageHeader.m */; };
		6EF6323919C417EA006FBD89 /* MultipartMessageHeaderField.h in Headers */ = {isa = PBXBuildFile; fileRef = 6EF6321419C417EA006FBD89 /* MultipartMessageHeaderField.h */; settings = {ATTRIBUTES = (Public, ); }; };
		6EF6323A19C417EA006FBD89 /* MultipartMessageHeaderField.m in Sources */ = {isa = PBXBuildFile; fileRef = 6EF6321519C417EA006FBD89 /* MultipartMessageHeaderField.m */; };
		6EF6323B19C417EA006FBD89 /* HTTPAsyncFileResponse.h in Headers */ = {isa = PBXBuildFile; fileRef = 6EF6321719C417EA006FBD89 /* HTTPAsyncFileResponse.h */; settings = {ATTRIBUTES = (Public, ); }; };
		6EF6323C19C417EA006FBD89 /* HTTPAsyncFileResponse.m in Sources */ = {isa = PBXBuildFile; fileRef = 6EF6321819C417EA006FBD89 /* HTTPAsyncFileResponse.m */; };
		6EF6323D19C417EA006FBD89 /* HTTPDataResponse.h in Headers */ = {isa = PBXBuildFile; fileRef = 6EF6321919C417EA006FBD89 /* HTTPDataResponse.h */; settings = {ATTRIBUTES = (Public, ); }; };
		6EF6323E19C417EA006FBD89 /* HTTPDataResponse.m in Sources */ = {isa = PBXBuildFile; fileRef = 6EF6321A19C417EA006FBD89 /* HTTPDataResponse.m */; };
		6EF6323F19C417EA006FBD89 /* HTTPDynamicFileResponse.h in Headers */ = {isa = PBXBuildFile; fileRef = 6EF6321B19C417EA006FBD89 /* HTTPDynamicFileResponse.h */; settings = {ATTRIBUTES = (Public, ); }; };
		6EF6324019C417EA006FBD89 /* HTTPDynamicFileResponse.m in Sources */ = {isa = PBXBuildFile; fileRef = 6EF6321C19C417EA006FBD89 /* HTTPDynamicFileResponse.m */; };
		6EF6324119C417EA006FBD89 /* HTTPErrorResponse.h in Headers */ = {isa = PBXBuildFile; fileRef = 6EF6321D19C417EA006FBD89 /* HTTPErrorResponse.h */; settings = {ATTRIBUTES = (Public, ); }; };
		6EF6324219C417EA006FBD89 /* HTTPErrorResponse.m in Sources */ = {isa = PBXBuildFile; fileRef = 6EF6321E19C417EA006FBD89 /* HTTPErrorResponse.m */; };
		6EF6324319C417EA006FBD89 /* HTTPFileResponse.h in Headers */ = {isa = PBXBuildFile; fileRef = 6EF6321F19C417EA006FBD89 /* HTTPFileResponse.h */; settings = {ATTRIBUTES = (Public, ); }; };
		6EF6324419C417EA006FBD89 /* HTTPFileResponse.m in Sources */ = {isa = PBXBuildFile; fileRef = 6EF6322019C417EA006FBD89 /* HTTPFileResponse.m */; };
		6EF6324519C417EA006FBD89 /* HTTPRedirectResponse.h in Headers */ = {isa = PBXBuildFile; fileRef = 6EF6322119C417EA006FBD89 /* HTTPRedirectResponse.h */; settings = {ATTRIBUTES = (Public, ); }; };
		6EF6324619C417EA006FBD89 /* HTTPRedirectResponse.m in Sources */ = {isa = PBXBuildFile; fileRef = 6EF6322219C417EA006FBD89 /* HTTPRedirectResponse.m */; };
		6EF6324719C417EA006FBD89 /* WebSocket.h in Headers */ = {isa = PBXBuildFile; fileRef = 6EF6322319C417EA006FBD89 /* WebSocket.h */; settings = {ATTRIBUTES = (Public, ); }; };
		6EF6324819C417EA006FBD89 /* WebSocket.m in Sources */ = {isa = PBXBuildFile; fileRef = 6EF6322419C417EA006FBD89 /* WebSocket.m */; };
/* End PBXBuildFile section */

/* Begin PBXFileReference section */
		6E96782D1B31FBC9003AFBBA /* CocoaAsyncSocket.framework */ = {isa = PBXFileReference; lastKnownFileType = wrapper.framework; path = CocoaAsyncSocket.framework; sourceTree = "<group>"; };
		6E96782F1B31FBC9003AFBBA /* CocoaAsyncSocket.framework */ = {isa = PBXFileReference; lastKnownFileType = wrapper.framework; path = CocoaAsyncSocket.framework; sourceTree = "<group>"; };
		6E96785C1B31FBDD003AFBBA /* CocoaHTTPServer.framework */ = {isa = PBXFileReference; explicitFileType = wrapper.framework; includeInIndex = 0; path = CocoaHTTPServer.framework; sourceTree = BUILT_PRODUCTS_DIR; };
		6E9678661B31FCC6003AFBBA /* CocoaHTTPServerTests iOS.xctest */ = {isa = PBXFileReference; explicitFileType = wrapper.cfbundle; includeInIndex = 0; path = "CocoaHTTPServerTests iOS.xctest"; sourceTree = BUILT_PRODUCTS_DIR; };
		6EF631E519C4178D006FBD89 /* CocoaHTTPServer.framework */ = {isa = PBXFileReference; explicitFileType = wrapper.framework; includeInIndex = 0; path = CocoaHTTPServer.framework; sourceTree = BUILT_PRODUCTS_DIR; };
		6EF631E919C4178D006FBD89 /* Info.plist */ = {isa = PBXFileReference; lastKnownFileType = text.plist.xml; path = Info.plist; sourceTree = "<group>"; };
		6EF631EA19C4178D006FBD89 /* CocoaHTTPServer.h */ = {isa = PBXFileReference; lastKnownFileType = sourcecode.c.h; path = CocoaHTTPServer.h; sourceTree = "<group>"; };
		6EF631F019C4178D006FBD89 /* CocoaHTTPServerTests.xctest */ = {isa = PBXFileReference; explicitFileType = wrapper.cfbundle; includeInIndex = 0; path = CocoaHTTPServerTests.xctest; sourceTree = BUILT_PRODUCTS_DIR; };
		6EF631F319C4178D006FBD89 /* Info.plist */ = {isa = PBXFileReference; lastKnownFileType = text.plist.xml; path = Info.plist; sourceTree = "<group>"; };
		6EF631F419C4178D006FBD89 /* CocoaHTTPServerTests.m */ = {isa = PBXFileReference; lastKnownFileType = sourcecode.c.objc; path = CocoaHTTPServerTests.m; sourceTree = "<group>"; };
		6EF631FF19C417EA006FBD89 /* DDData.h */ = {isa = PBXFileReference; fileEncoding = 4; lastKnownFileType = sourcecode.c.h; path = DDData.h; sourceTree = "<group>"; };
		6EF6320019C417EA006FBD89 /* DDData.m */ = {isa = PBXFileReference; fileEncoding = 4; lastKnownFileType = sourcecode.c.objc; path = DDData.m; sourceTree = "<group>"; };
		6EF6320119C417EA006FBD89 /* DDNumber.h */ = {isa = PBXFileReference; fileEncoding = 4; lastKnownFileType = sourcecode.c.h; path = DDNumber.h; sourceTree = "<group>"; };
		6EF6320219C417EA006FBD89 /* DDNumber.m */ = {isa = PBXFileReference; fileEncoding = 4; lastKnownFileType = sourcecode.c.objc; path = DDNumber.m; sourceTree = "<group>"; };
		6EF6320319C417EA006FBD89 /* DDRange.h */ = {isa = PBXFileReference; fileEncoding = 4; lastKnownFileType = sourcecode.c.h; path = DDRange.h; sourceTree = "<group>"; };
		6EF6320419C417EA006FBD89 /* DDRange.m */ = {isa = PBXFileReference; fileEncoding = 4; lastKnownFileType = sourcecode.c.objc; path = DDRange.m; sourceTree = "<group>"; };
		6EF6320519C417EA006FBD89 /* HTTPAuthenticationRequest.h */ = {isa = PBXFileReference; fileEncoding = 4; lastKnownFileType = sourcecode.c.h; name = HTTPAuthenticationRequest.h; path = ../../../Core/HTTPAuthenticationRequest.h; sourceTree = "<group>"; };
		6EF6320619C417EA006FBD89 /* HTTPAuthenticationRequest.m */ = {isa = PBXFileReference; fileEncoding = 4; lastKnownFileType = sourcecode.c.objc; name = HTTPAuthenticationRequest.m; path = ../../../Core/HTTPAuthenticationRequest.m; sourceTree = "<group>"; };
		6EF6320719C417EA006FBD89 /* HTTPConnection.h */ = {isa = PBXFileReference; fileEncoding = 4; lastKnownFileType = sourcecode.c.h; name = HTTPConnection.h; path = ../../../Core/HTTPConnection.h; sourceTree = "<group>"; };
		6EF6320819C417EA006FBD89 /* HTTPConnection.m */ = {isa = PBXFileReference; fileEncoding = 4; lastKnownFileType = sourcecode.c.objc; name = HTTPConnection.m; path = ../../../Core/HTTPConnection.m; sourceTree = "<group>"; };
		6EF6320A19C417EA006FBD89 /* HTTPMessage.h */ = {isa = PBXFileReference; fileEncoding = 4; lastKnownFileType = sourcecode.c.h; name = HTTPMessage.h; path = ../../../Core/HTTPMessage.h; sourceTree = "<group>"; };
		6EF6320B19C417EA006FBD89 /* HTTPMessage.m */ = {isa = PBXFileReference; fileEncoding = 4; lastKnownFileType = sourcecode.c.objc; name = HTTPMessage.m; path = ../../../Core/HTTPMessage.m; sourceTree = "<group>"; };
		6EF6320C19C417EA006FBD89 /* HTTPResponse.h */ = {isa = PBXFileReference; fileEncoding = 4; lastKnownFileType = sourcecode.c.h; name = HTTPResponse.h; path = ../../../Core/HTTPResponse.h; sourceTree = "<group>"; };
		6EF6320D19C417EA006FBD89 /* HTTPServer.h */ = {isa = PBXFileReference; fileEncoding = 4; lastKnownFileType = sourcecode.c.h; name = HTTPServer.h; path = ../../../Core/HTTPServer.h; sourceTree = "<group>"; };
		6EF6320E19C417EA006FBD89 /* HTTPServer.m */ = {isa = PBXFileReference; fileEncoding = 4; lastKnownFileType = sourcecode.c.objc; name = HTTPServer.m; path = ../../../Core/HTTPServer.m; sourceTree = "<group>"; };
		6EF6321019C417EA006FBD89 /* MultipartFormDataParser.h */ = {isa = PBXFileReference; fileEncoding = 4; lastKnownFileType = sourcecode.c.h; path = MultipartFormDataParser.h; sourceTree = "<group>"; };
		6EF6321119C417EA006FBD89 /* MultipartFormDataParser.m */ = {isa = PBXFileReference; fileEncoding = 4; lastKnownFileType = sourcecode.c.objc; path = MultipartFormDataParser.m; sourceTree = "<group>"; };
		6EF6321219C417EA006FBD89 /* MultipartMessageHeader.h */ = {isa = PBXFileReference; fileEncoding = 4; lastKnownFileType = sourcecode.c.h; path = MultipartMessageHeader.h; sourceTree = "<group>"; };
		6EF6321319C417EA006FBD89 /* MultipartMessageHeader.m */ = {isa = PBXFileReference; fileEncoding = 4; lastKnownFileType = sourcecode.c.objc; path = MultipartMessageHeader.m; sourceTree = "<group>"; };
		6EF6321419C417EA006FBD89 /* MultipartMessageHeaderField.h */ = {isa = PBXFileReference; fileEncoding = 4; lastKnownFileType = sourcecode.c.h; path = MultipartMessageHeaderField.h; sourceTree = "<group>"; };
		6EF6321519C417EA006FBD89 /* MultipartMessageHeaderField.m */ = {isa = PBXFileReference; fileEncoding = 4; lastKnownFileType = sourcecode.c.objc; path = MultipartMessageHeaderField.m; sourceTree = "<group>"; };
		6EF6321719C417EA006FBD89 /* HTTPAsyncFileResponse.h */ = {isa = PBXFileReference; fileEncoding = 4; lastKnownFileType = sourcecode.c.h; path = HTTPAsyncFileResponse.h; sourceTree = "<group>"; };
		6EF6321819C417EA006FBD89 /* HTTPAsyncFileResponse.m */ = {isa = PBXFileReference; fileEncoding = 4; lastKnownFileType = sourcecode.c.objc; path = HTTPAsyncFileResponse.m; sourceTree = "<group>"; };
		6EF6321919C417EA006FBD89 /* HTTPDataResponse.h */ = {isa = PBXFileReference; fileEncoding = 4; lastKnownFileType = sourcecode.c.h; path = HTTPDataResponse.h; sourceTree = "<group>"; };
		6EF6321A19C417EA006FBD89 /* HTTPDataResponse.m */ = {isa = PBXFileReference; fileEncoding = 4; lastKnownFileType = sourcecode.c.objc; path = HTTPDataResponse.m; sourceTree = "<group>"; };
		6EF6321B19C417EA006FBD89 /* HTTPDynamicFileResponse.h */ = {isa = PBXFileReference; fileEncoding = 4; lastKnownFileType = sourcecode.c.h; path = HTTPDynamicFileResponse.h; sourceTree = "<group>"; };
		6EF6321C19C417EA006FBD89 /* HTTPDynamicFileResponse.m */ = {isa = PBXFileReference; fileEncoding = 4; lastKnownFileType = sourcecode.c.objc; path = HTTPDynamicFileResponse.m; sourceTree = "<group>"; };
		6EF6321D19C417EA006FBD89 /* HTTPErrorResponse.h */ = {isa = PBXFileReference; fileEncoding = 4; lastKnownFileType = sourcecode.c.h; path = HTTPErrorResponse.h; sourceTree = "<group>"; };
		6EF6321E19C417EA006FBD89 /* HTTPErrorResponse.m */ = {isa = PBXFileReference; fileEncoding = 4; lastKnownFileType = sourcecode.c.objc; path = HTTPErrorResponse.m; sourceTree = "<group>"; };
		6EF6321F19C417EA006FBD89 /* HTTPFileResponse.h */ = {isa = PBXFileReference; fileEncoding = 4; lastKnownFileType = sourcecode.c.h; path = HTTPFileResponse.h; sourceTree = "<group>"; };
		6EF6322019C417EA006FBD89 /* HTTPFileResponse.m */ = {isa = PBXFileReference; fileEncoding = 4; lastKnownFileType = sourcecode.c.objc; path = HTTPFileResponse.m; sourceTree = "<group>"; };
		6EF6322119C417EA006FBD89 /* HTTPRedirectResponse.h */ = {isa = PBXFileReference; fileEncoding = 4; lastKnownFileType = sourcecode.c.h; path = HTTPRedirectResponse.h; sourceTree = "<group>"; };
		6EF6322219C417EA006FBD89 /* HTTPRedirectResponse.m */ = {isa = PBXFileReference; fileEncoding = 4; lastKnownFileType = sourcecode.c.objc; path = HTTPRedirectResponse.m; sourceTree = "<group>"; };
		6EF6322319C417EA006FBD89 /* WebSocket.h */ = {isa = PBXFileReference; fileEncoding = 4; lastKnownFileType = sourcecode.c.h; name = WebSocket.h; path = ../../../Core/WebSocket.h; sourceTree = "<group>"; };
		6EF6322419C417EA006FBD89 /* WebSocket.m */ = {isa = PBXFileReference; fileEncoding = 4; lastKnownFileType = sourcecode.c.objc; name = WebSocket.m; path = ../../../Core/WebSocket.m; sourceTree = "<group>"; };
/* End PBXFileReference section */

/* Begin PBXFrameworksBuildPhase section */
		6E9678431B31FBDD003AFBBA /* Frameworks */ = {
			isa = PBXFrameworksBuildPhase;
			buildActionMask = 2147483647;
			files = (
			);
			runOnlyForDeploymentPostprocessing = 0;
		};
		6E9678611B31FCC6003AFBBA /* Frameworks */ = {
			isa = PBXFrameworksBuildPhase;
			buildActionMask = 2147483647;
			files = (
			);
			runOnlyForDeploymentPostprocessing = 0;
		};
		6EF631E119C4178D006FBD89 /* Frameworks */ = {
			isa = PBXFrameworksBuildPhase;
			buildActionMask = 2147483647;
			files = (
			);
			runOnlyForDeploymentPostprocessing = 0;
		};
		6EF631ED19C4178D006FBD89 /* Frameworks */ = {
			isa = PBXFrameworksBuildPhase;
			buildActionMask = 2147483647;
			files = (
			);
			runOnlyForDeploymentPostprocessing = 0;
		};
/* End PBXFrameworksBuildPhase section */

/* Begin PBXGroup section */
		6E02691E1B3050B60035A643 /* Frameworks */ = {
			isa = PBXGroup;
			children = (
				6E96782C1B31FBC9003AFBBA /* iOS */,
				6E96782E1B31FBC9003AFBBA /* Mac */,
			);
			name = Frameworks;
			sourceTree = "<group>";
		};
		6E96782C1B31FBC9003AFBBA /* iOS */ = {
			isa = PBXGroup;
			children = (
				6E96782D1B31FBC9003AFBBA /* CocoaAsyncSocket.framework */,
			);
			path = iOS;
			sourceTree = "<group>";
		};
		6E96782E1B31FBC9003AFBBA /* Mac */ = {
			isa = PBXGroup;
			children = (
				6E96782F1B31FBC9003AFBBA /* CocoaAsyncSocket.framework */,
			);
			path = Mac;
			sourceTree = "<group>";
		};
		6EF631DB19C4178D006FBD89 = {
			isa = PBXGroup;
			children = (
				6E02691E1B3050B60035A643 /* Frameworks */,
				6EF631E719C4178D006FBD89 /* CocoaHTTPServer */,
				6EF631F119C4178D006FBD89 /* CocoaHTTPServerTests */,
				6EF631E619C4178D006FBD89 /* Products */,
			);
			sourceTree = "<group>";
		};
		6EF631E619C4178D006FBD89 /* Products */ = {
			isa = PBXGroup;
			children = (
				6EF631E519C4178D006FBD89 /* CocoaHTTPServer.framework */,
				6EF631F019C4178D006FBD89 /* CocoaHTTPServerTests.xctest */,
				6E96785C1B31FBDD003AFBBA /* CocoaHTTPServer.framework */,
				6E9678661B31FCC6003AFBBA /* CocoaHTTPServerTests iOS.xctest */,
			);
			name = Products;
			sourceTree = "<group>";
		};
		6EF631E719C4178D006FBD89 /* CocoaHTTPServer */ = {
			isa = PBXGroup;
			children = (
				6EF631EA19C4178D006FBD89 /* CocoaHTTPServer.h */,
				6EF631FE19C417EA006FBD89 /* Categories */,
				6EF6320519C417EA006FBD89 /* HTTPAuthenticationRequest.h */,
				6EF6320619C417EA006FBD89 /* HTTPAuthenticationRequest.m */,
				6EF6320719C417EA006FBD89 /* HTTPConnection.h */,
				6EF6320819C417EA006FBD89 /* HTTPConnection.m */,
				6EF6320A19C417EA006FBD89 /* HTTPMessage.h */,
				6EF6320B19C417EA006FBD89 /* HTTPMessage.m */,
				6EF6320C19C417EA006FBD89 /* HTTPResponse.h */,
				6EF6320D19C417EA006FBD89 /* HTTPServer.h */,
				6EF6320E19C417EA006FBD89 /* HTTPServer.m */,
				6EF6320F19C417EA006FBD89 /* Mime */,
				6EF6321619C417EA006FBD89 /* Responses */,
				6EF6322319C417EA006FBD89 /* WebSocket.h */,
				6EF6322419C417EA006FBD89 /* WebSocket.m */,
				6EF631E819C4178D006FBD89 /* Supporting Files */,
			);
			path = CocoaHTTPServer;
			sourceTree = "<group>";
		};
		6EF631E819C4178D006FBD89 /* Supporting Files */ = {
			isa = PBXGroup;
			children = (
				6EF631E919C4178D006FBD89 /* Info.plist */,
			);
			name = "Supporting Files";
			sourceTree = "<group>";
		};
		6EF631F119C4178D006FBD89 /* CocoaHTTPServerTests */ = {
			isa = PBXGroup;
			children = (
				6EF631F419C4178D006FBD89 /* CocoaHTTPServerTests.m */,
				6EF631F219C4178D006FBD89 /* Supporting Files */,
			);
			path = CocoaHTTPServerTests;
			sourceTree = "<group>";
		};
		6EF631F219C4178D006FBD89 /* Supporting Files */ = {
			isa = PBXGroup;
			children = (
				6EF631F319C4178D006FBD89 /* Info.plist */,
			);
			name = "Supporting Files";
			sourceTree = "<group>";
		};
		6EF631FE19C417EA006FBD89 /* Categories */ = {
			isa = PBXGroup;
			children = (
				6EF631FF19C417EA006FBD89 /* DDData.h */,
				6EF6320019C417EA006FBD89 /* DDData.m */,
				6EF6320119C417EA006FBD89 /* DDNumber.h */,
				6EF6320219C417EA006FBD89 /* DDNumber.m */,
				6EF6320319C417EA006FBD89 /* DDRange.h */,
				6EF6320419C417EA006FBD89 /* DDRange.m */,
			);
			name = Categories;
			path = ../../../Core/Categories;
			sourceTree = "<group>";
		};
		6EF6320F19C417EA006FBD89 /* Mime */ = {
			isa = PBXGroup;
			children = (
				6EF6321019C417EA006FBD89 /* MultipartFormDataParser.h */,
				6EF6321119C417EA006FBD89 /* MultipartFormDataParser.m */,
				6EF6321219C417EA006FBD89 /* MultipartMessageHeader.h */,
				6EF6321319C417EA006FBD89 /* MultipartMessageHeader.m */,
				6EF6321419C417EA006FBD89 /* MultipartMessageHeaderField.h */,
				6EF6321519C417EA006FBD89 /* MultipartMessageHeaderField.m */,
			);
			name = Mime;
			path = ../../../Core/Mime;
			sourceTree = "<group>";
		};
		6EF6321619C417EA006FBD89 /* Responses */ = {
			isa = PBXGroup;
			children = (
				6EF6321719C417EA006FBD89 /* HTTPAsyncFileResponse.h */,
				6EF6321819C417EA006FBD89 /* HTTPAsyncFileResponse.m */,
				6EF6321919C417EA006FBD89 /* HTTPDataResponse.h */,
				6EF6321A19C417EA006FBD89 /* HTTPDataResponse.m */,
				6EF6321B19C417EA006FBD89 /* HTTPDynamicFileResponse.h */,
				6EF6321C19C417EA006FBD89 /* HTTPDynamicFileResponse.m */,
				6EF6321D19C417EA006FBD89 /* HTTPErrorResponse.h */,
				6EF6321E19C417EA006FBD89 /* HTTPErrorResponse.m */,
				6EF6321F19C417EA006FBD89 /* HTTPFileResponse.h */,
				6EF6322019C417EA006FBD89 /* HTTPFileResponse.m */,
				6EF6322119C417EA006FBD89 /* HTTPRedirectResponse.h */,
				6EF6322219C417EA006FBD89 /* HTTPRedirectResponse.m */,
			);
			name = Responses;
			path = ../../../Core/Responses;
			sourceTree = "<group>";
		};
/* End PBXGroup section */

/* Begin PBXHeadersBuildPhase section */
		6E9678441B31FBDD003AFBBA /* Headers */ = {
			isa = PBXHeadersBuildPhase;
			buildActionMask = 2147483647;
			files = (
				6E9678451B31FBDD003AFBBA /* CocoaHTTPServer.h in Headers */,
				6E9678461B31FBDD003AFBBA /* HTTPMessage.h in Headers */,
				6E9678471B31FBDD003AFBBA /* HTTPConnection.h in Headers */,
				6E9678481B31FBDD003AFBBA /* MultipartMessageHeader.h in Headers */,
				6E9678491B31FBDD003AFBBA /* HTTPFileResponse.h in Headers */,
				6E96784A1B31FBDD003AFBBA /* HTTPDynamicFileResponse.h in Headers */,
				6E96784B1B31FBDD003AFBBA /* MultipartFormDataParser.h in Headers */,
				6E96784C1B31FBDD003AFBBA /* HTTPAuthenticationRequest.h in Headers */,
				6E96784D1B31FBDD003AFBBA /* MultipartMessageHeaderField.h in Headers */,
				6E96784E1B31FBDD003AFBBA /* HTTPAsyncFileResponse.h in Headers */,
				6E96784F1B31FBDD003AFBBA /* DDRange.h in Headers */,
				6E9678501B31FBDD003AFBBA /* HTTPRedirectResponse.h in Headers */,
				6E9678511B31FBDD003AFBBA /* DDData.h in Headers */,
				6E9678521B31FBDD003AFBBA /* DDNumber.h in Headers */,
				6E9678531B31FBDD003AFBBA /* HTTPResponse.h in Headers */,
				6E9678541B31FBDD003AFBBA /* WebSocket.h in Headers */,
				6E9678551B31FBDD003AFBBA /* HTTPErrorResponse.h in Headers */,
				6E9678561B31FBDD003AFBBA /* HTTPDataResponse.h in Headers */,
				6E9678571B31FBDD003AFBBA /* HTTPServer.h in Headers */,
			);
			runOnlyForDeploymentPostprocessing = 0;
		};
		6EF631E219C4178D006FBD89 /* Headers */ = {
			isa = PBXHeadersBuildPhase;
			buildActionMask = 2147483647;
			files = (
				6EF631EB19C4178D006FBD89 /* CocoaHTTPServer.h in Headers */,
				6EF6323019C417EA006FBD89 /* HTTPMessage.h in Headers */,
				6EF6322D19C417EA006FBD89 /* HTTPConnection.h in Headers */,
				6EF6323719C417EA006FBD89 /* MultipartMessageHeader.h in Headers */,
				6EF6324319C417EA006FBD89 /* HTTPFileResponse.h in Headers */,
				6EF6323F19C417EA006FBD89 /* HTTPDynamicFileResponse.h in Headers */,
				6EF6323519C417EA006FBD89 /* MultipartFormDataParser.h in Headers */,
				6EF6322B19C417EA006FBD89 /* HTTPAuthenticationRequest.h in Headers */,
				6EF6323919C417EA006FBD89 /* MultipartMessageHeaderField.h in Headers */,
				6EF6323B19C417EA006FBD89 /* HTTPAsyncFileResponse.h in Headers */,
				6EF6322919C417EA006FBD89 /* DDRange.h in Headers */,
				6EF6324519C417EA006FBD89 /* HTTPRedirectResponse.h in Headers */,
				6EF6322519C417EA006FBD89 /* DDData.h in Headers */,
				6EF6322719C417EA006FBD89 /* DDNumber.h in Headers */,
				6EF6323219C417EA006FBD89 /* HTTPResponse.h in Headers */,
				6EF6324719C417EA006FBD89 /* WebSocket.h in Headers */,
				6EF6324119C417EA006FBD89 /* HTTPErrorResponse.h in Headers */,
				6EF6323D19C417EA006FBD89 /* HTTPDataResponse.h in Headers */,
				6EF6323319C417EA006FBD89 /* HTTPServer.h in Headers */,
			);
			runOnlyForDeploymentPostprocessing = 0;
		};
/* End PBXHeadersBuildPhase section */

/* Begin PBXNativeTarget section */
		6E9678301B31FBDD003AFBBA /* CocoaHTTPServer iOS */ = {
			isa = PBXNativeTarget;
			buildConfigurationList = 6E9678591B31FBDD003AFBBA /* Build configuration list for PBXNativeTarget "CocoaHTTPServer iOS" */;
			buildPhases = (
				6E9678311B31FBDD003AFBBA /* Sources */,
				6E9678431B31FBDD003AFBBA /* Frameworks */,
				6E9678441B31FBDD003AFBBA /* Headers */,
				6E9678581B31FBDD003AFBBA /* Resources */,
			);
			buildRules = (
			);
			dependencies = (
			);
			name = "CocoaHTTPServer iOS";
			productName = CocoaHTTPServer;
			productReference = 6E96785C1B31FBDD003AFBBA /* CocoaHTTPServer.framework */;
			productType = "com.apple.product-type.framework";
		};
		6E96785E1B31FCC6003AFBBA /* CocoaHTTPServerTests iOS */ = {
			isa = PBXNativeTarget;
			buildConfigurationList = 6E9678631B31FCC6003AFBBA /* Build configuration list for PBXNativeTarget "CocoaHTTPServerTests iOS" */;
			buildPhases = (
				6E96785F1B31FCC6003AFBBA /* Sources */,
				6E9678611B31FCC6003AFBBA /* Frameworks */,
				6E9678621B31FCC6003AFBBA /* Resources */,
			);
			buildRules = (
			);
			dependencies = (
			);
			name = "CocoaHTTPServerTests iOS";
			productName = CocoaHTTPServerTests;
			productReference = 6E9678661B31FCC6003AFBBA /* CocoaHTTPServerTests iOS.xctest */;
			productType = "com.apple.product-type.bundle.unit-test";
		};
		6EF631E419C4178D006FBD89 /* CocoaHTTPServer OS X */ = {
			isa = PBXNativeTarget;
			buildConfigurationList = 6EF631F819C4178D006FBD89 /* Build configuration list for PBXNativeTarget "CocoaHTTPServer OS X" */;
			buildPhases = (
				6EF631E019C4178D006FBD89 /* Sources */,
				6EF631E119C4178D006FBD89 /* Frameworks */,
				6EF631E219C4178D006FBD89 /* Headers */,
				6EF631E319C4178D006FBD89 /* Resources */,
			);
			buildRules = (
			);
			dependencies = (
			);
			name = "CocoaHTTPServer OS X";
			productName = CocoaHTTPServer;
			productReference = 6EF631E519C4178D006FBD89 /* CocoaHTTPServer.framework */;
			productType = "com.apple.product-type.framework";
		};
		6EF631EF19C4178D006FBD89 /* CocoaHTTPServerTests OS X */ = {
			isa = PBXNativeTarget;
			buildConfigurationList = 6EF631FB19C4178D006FBD89 /* Build configuration list for PBXNativeTarget "CocoaHTTPServerTests OS X" */;
			buildPhases = (
				6EF631EC19C4178D006FBD89 /* Sources */,
				6EF631ED19C4178D006FBD89 /* Frameworks */,
				6EF631EE19C4178D006FBD89 /* Resources */,
			);
			buildRules = (
			);
			dependencies = (
			);
			name = "CocoaHTTPServerTests OS X";
			productName = CocoaHTTPServerTests;
			productReference = 6EF631F019C4178D006FBD89 /* CocoaHTTPServerTests.xctest */;
			productType = "com.apple.product-type.bundle.unit-test";
		};
/* End PBXNativeTarget section */

/* Begin PBXProject section */
		6EF631DC19C4178D006FBD89 /* Project object */ = {
			isa = PBXProject;
			attributes = {
				LastUpgradeCheck = 0630;
				ORGANIZATIONNAME = "Deusty LLC";
				TargetAttributes = {
					6EF631E419C4178D006FBD89 = {
						CreatedOnToolsVersion = 6.0;
					};
					6EF631EF19C4178D006FBD89 = {
						CreatedOnToolsVersion = 6.0;
					};
				};
			};
			buildConfigurationList = 6EF631DF19C4178D006FBD89 /* Build configuration list for PBXProject "CocoaHTTPServer" */;
			compatibilityVersion = "Xcode 3.2";
			developmentRegion = English;
			hasScannedForEncodings = 0;
			knownRegions = (
				en,
			);
			mainGroup = 6EF631DB19C4178D006FBD89;
			productRefGroup = 6EF631E619C4178D006FBD89 /* Products */;
			projectDirPath = "";
			projectRoot = "";
			targets = (
				6EF631E419C4178D006FBD89 /* CocoaHTTPServer OS X */,
				6EF631EF19C4178D006FBD89 /* CocoaHTTPServerTests OS X */,
				6E9678301B31FBDD003AFBBA /* CocoaHTTPServer iOS */,
				6E96785E1B31FCC6003AFBBA /* CocoaHTTPServerTests iOS */,
			);
		};
/* End PBXProject section */

/* Begin PBXResourcesBuildPhase section */
		6E9678581B31FBDD003AFBBA /* Resources */ = {
			isa = PBXResourcesBuildPhase;
			buildActionMask = 2147483647;
			files = (
			);
			runOnlyForDeploymentPostprocessing = 0;
		};
		6E9678621B31FCC6003AFBBA /* Resources */ = {
			isa = PBXResourcesBuildPhase;
			buildActionMask = 2147483647;
			files = (
			);
			runOnlyForDeploymentPostprocessing = 0;
		};
		6EF631E319C4178D006FBD89 /* Resources */ = {
			isa = PBXResourcesBuildPhase;
			buildActionMask = 2147483647;
			files = (
			);
			runOnlyForDeploymentPostprocessing = 0;
		};
		6EF631EE19C4178D006FBD89 /* Resources */ = {
			isa = PBXResourcesBuildPhase;
			buildActionMask = 2147483647;
			files = (
			);
			runOnlyForDeploymentPostprocessing = 0;
		};
/* End PBXResourcesBuildPhase section */

/* Begin PBXSourcesBuildPhase section */
		6E9678311B31FBDD003AFBBA /* Sources */ = {
			isa = PBXSourcesBuildPhase;
			buildActionMask = 2147483647;
			files = (
				6E9678321B31FBDD003AFBBA /* DDRange.m in Sources */,
				6E9678331B31FBDD003AFBBA /* MultipartFormDataParser.m in Sources */,
				6E9678341B31FBDD003AFBBA /* HTTPRedirectResponse.m in Sources */,
				6E9678351B31FBDD003AFBBA /* HTTPDataResponse.m in Sources */,
				6E9678361B31FBDD003AFBBA /* HTTPMessage.m in Sources */,
				6E9678371B31FBDD003AFBBA /* HTTPDynamicFileResponse.m in Sources */,
				6E9678381B31FBDD003AFBBA /* DDNumber.m in Sources */,
				6E9678391B31FBDD003AFBBA /* DDData.m in Sources */,
				6E96783A1B31FBDD003AFBBA /* WebSocket.m in Sources */,
				6E96783B1B31FBDD003AFBBA /* HTTPAuthenticationRequest.m in Sources */,
				6E96783C1B31FBDD003AFBBA /* HTTPAsyncFileResponse.m in Sources */,
				6E96783D1B31FBDD003AFBBA /* HTTPErrorResponse.m in Sources */,
				6E96783E1B31FBDD003AFBBA /* MultipartMessageHeader.m in Sources */,
				6E96783F1B31FBDD003AFBBA /* HTTPServer.m in Sources */,
				6E9678401B31FBDD003AFBBA /* MultipartMessageHeaderField.m in Sources */,
				6E9678411B31FBDD003AFBBA /* HTTPFileResponse.m in Sources */,
				6E9678421B31FBDD003AFBBA /* HTTPConnection.m in Sources */,
			);
			runOnlyForDeploymentPostprocessing = 0;
		};
		6E96785F1B31FCC6003AFBBA /* Sources */ = {
			isa = PBXSourcesBuildPhase;
			buildActionMask = 2147483647;
			files = (
				6E9678601B31FCC6003AFBBA /* CocoaHTTPServerTests.m in Sources */,
			);
			runOnlyForDeploymentPostprocessing = 0;
		};
		6EF631E019C4178D006FBD89 /* Sources */ = {
			isa = PBXSourcesBuildPhase;
			buildActionMask = 2147483647;
			files = (
				6EF6322A19C417EA006FBD89 /* DDRange.m in Sources */,
				6EF6323619C417EA006FBD89 /* MultipartFormDataParser.m in Sources */,
				6EF6324619C417EA006FBD89 /* HTTPRedirectResponse.m in Sources */,
				6EF6323E19C417EA006FBD89 /* HTTPDataResponse.m in Sources */,
				6EF6323119C417EA006FBD89 /* HTTPMessage.m in Sources */,
				6EF6324019C417EA006FBD89 /* HTTPDynamicFileResponse.m in Sources */,
				6EF6322819C417EA006FBD89 /* DDNumber.m in Sources */,
				6EF6322619C417EA006FBD89 /* DDData.m in Sources */,
				6EF6324819C417EA006FBD89 /* WebSocket.m in Sources */,
				6EF6322C19C417EA006FBD89 /* HTTPAuthenticationRequest.m in Sources */,
				6EF6323C19C417EA006FBD89 /* HTTPAsyncFileResponse.m in Sources */,
				6EF6324219C417EA006FBD89 /* HTTPErrorResponse.m in Sources */,
				6EF6323819C417EA006FBD89 /* MultipartMessageHeader.m in Sources */,
				6EF6323419C417EA006FBD89 /* HTTPServer.m in Sources */,
				6EF6323A19C417EA006FBD89 /* MultipartMessageHeaderField.m in Sources */,
				6EF6324419C417EA006FBD89 /* HTTPFileResponse.m in Sources */,
				6EF6322E19C417EA006FBD89 /* HTTPConnection.m in Sources */,
			);
			runOnlyForDeploymentPostprocessing = 0;
		};
		6EF631EC19C4178D006FBD89 /* Sources */ = {
			isa = PBXSourcesBuildPhase;
			buildActionMask = 2147483647;
			files = (
				6EF631F519C4178D006FBD89 /* CocoaHTTPServerTests.m in Sources */,
			);
			runOnlyForDeploymentPostprocessing = 0;
		};
/* End PBXSourcesBuildPhase section */

/* Begin XCBuildConfiguration section */
		6E96785A1B31FBDD003AFBBA /* Debug */ = {
			isa = XCBuildConfiguration;
			buildSettings = {
				COMBINE_HIDPI_IMAGES = YES;
				DEFINES_MODULE = YES;
				DYLIB_COMPATIBILITY_VERSION = 1;
				DYLIB_CURRENT_VERSION = 1;
				DYLIB_INSTALL_NAME_BASE = "@rpath";
				INFOPLIST_FILE = "CocoaHTTPServer copy-Info.plist";
				INSTALL_PATH = "$(LOCAL_LIBRARY_DIR)/Frameworks";
				LD_RUNPATH_SEARCH_PATHS = "$(inherited) @executable_path/Frameworks @loader_path/Frameworks";
				PRODUCT_NAME = CocoaHTTPServer;
				SDKROOT = iphoneos;
				SKIP_INSTALL = YES;
				SUPPORTED_PLATFORMS = "iphonesimulator iphoneos";
				VALID_ARCHS = "arm64 armv7 armv7s";
			};
			name = Debug;
		};
		6E96785B1B31FBDD003AFBBA /* Release */ = {
			isa = XCBuildConfiguration;
			buildSettings = {
				COMBINE_HIDPI_IMAGES = YES;
				DEFINES_MODULE = YES;
				DYLIB_COMPATIBILITY_VERSION = 1;
				DYLIB_CURRENT_VERSION = 1;
				DYLIB_INSTALL_NAME_BASE = "@rpath";
				INFOPLIST_FILE = "CocoaHTTPServer copy-Info.plist";
				INSTALL_PATH = "$(LOCAL_LIBRARY_DIR)/Frameworks";
				LD_RUNPATH_SEARCH_PATHS = "$(inherited) @executable_path/Frameworks @loader_path/Frameworks";
				PRODUCT_NAME = CocoaHTTPServer;
				SDKROOT = iphoneos;
				SKIP_INSTALL = YES;
				SUPPORTED_PLATFORMS = "iphonesimulator iphoneos";
				VALID_ARCHS = "arm64 armv7 armv7s";
			};
			name = Release;
		};
		6E9678641B31FCC6003AFBBA /* Debug */ = {
			isa = XCBuildConfiguration;
			buildSettings = {
				COMBINE_HIDPI_IMAGES = YES;
				FRAMEWORK_SEARCH_PATHS = (
					"$(SDKROOT)",
					"$(inherited)",
				);
				GCC_PREPROCESSOR_DEFINITIONS = (
					"DEBUG=1",
					"$(inherited)",
				);
				INFOPLIST_FILE = "CocoaHTTPServerTests copy-Info.plist";
				LD_RUNPATH_SEARCH_PATHS = "$(inherited) @executable_path/Frameworks @loader_path/Frameworks";
				PRODUCT_NAME = "$(TARGET_NAME)";
				SDKROOT = iphoneos;
				SUPPORTED_PLATFORMS = "iphonesimulator iphoneos";
				VALID_ARCHS = "arm64 armv7 armv7s";
			};
			name = Debug;
		};
		6E9678651B31FCC6003AFBBA /* Release */ = {
			isa = XCBuildConfiguration;
			buildSettings = {
				COMBINE_HIDPI_IMAGES = YES;
				FRAMEWORK_SEARCH_PATHS = (
					"$(SDKROOT)",
					"$(inherited)",
				);
				INFOPLIST_FILE = "CocoaHTTPServerTests copy-Info.plist";
				LD_RUNPATH_SEARCH_PATHS = "$(inherited) @executable_path/Frameworks @loader_path/Frameworks";
				PRODUCT_NAME = "$(TARGET_NAME)";
				SDKROOT = iphoneos;
				SUPPORTED_PLATFORMS = "iphonesimulator iphoneos";
				VALID_ARCHS = "arm64 armv7 armv7s";
			};
			name = Release;
		};
		6EF631F619C4178D006FBD89 /* Debug */ = {
			isa = XCBuildConfiguration;
			buildSettings = {
				ALWAYS_SEARCH_USER_PATHS = NO;
				CLANG_CXX_LANGUAGE_STANDARD = "gnu++0x";
				CLANG_CXX_LIBRARY = "libc++";
				CLANG_ENABLE_MODULES = YES;
				CLANG_ENABLE_OBJC_ARC = YES;
				CLANG_WARN_BOOL_CONVERSION = YES;
				CLANG_WARN_CONSTANT_CONVERSION = YES;
				CLANG_WARN_DIRECT_OBJC_ISA_USAGE = YES_ERROR;
				CLANG_WARN_EMPTY_BODY = YES;
				CLANG_WARN_ENUM_CONVERSION = YES;
				CLANG_WARN_INT_CONVERSION = YES;
				CLANG_WARN_OBJC_ROOT_CLASS = YES_ERROR;
				CLANG_WARN_UNREACHABLE_CODE = YES;
				CLANG_WARN__DUPLICATE_METHOD_MATCH = YES;
				"CODE_SIGN_IDENTITY[sdk=iphoneos*]" = "iPhone Developer";
				COPY_PHASE_STRIP = NO;
				CURRENT_PROJECT_VERSION = 1;
				ENABLE_STRICT_OBJC_MSGSEND = YES;
				FRAMEWORK_SEARCH_PATHS = (
					"$(inherited)",
					$SRCROOT/../../Carthage/Build/iOS,
				);
				GCC_C_LANGUAGE_STANDARD = gnu99;
				GCC_DYNAMIC_NO_PIC = NO;
				GCC_OPTIMIZATION_LEVEL = 0;
				GCC_PREPROCESSOR_DEFINITIONS = (
					"DEBUG=1",
					"$(inherited)",
				);
				GCC_SYMBOLS_PRIVATE_EXTERN = NO;
				GCC_WARN_64_TO_32_BIT_CONVERSION = YES;
				GCC_WARN_ABOUT_RETURN_TYPE = YES_ERROR;
				GCC_WARN_UNDECLARED_SELECTOR = YES;
				GCC_WARN_UNINITIALIZED_AUTOS = YES_AGGRESSIVE;
				GCC_WARN_UNUSED_FUNCTION = YES;
				GCC_WARN_UNUSED_VARIABLE = YES;
				IPHONEOS_DEPLOYMENT_TARGET = 8.0;
				MTL_ENABLE_DEBUG_INFO = YES;
				ONLY_ACTIVE_ARCH = YES;
				PRODUCT_NAME = CocoaHTTPServer;
				SDKROOT = macosx;
				SUPPORTED_PLATFORMS = macosx;
				TARGETED_DEVICE_FAMILY = "1,2";
				VALID_ARCHS = "i386 x86_64";
				VERSIONING_SYSTEM = "apple-generic";
				VERSION_INFO_PREFIX = "";
			};
			name = Debug;
		};
		6EF631F719C4178D006FBD89 /* Release */ = {
			isa = XCBuildConfiguration;
			buildSettings = {
				ALWAYS_SEARCH_USER_PATHS = NO;
				CLANG_CXX_LANGUAGE_STANDARD = "gnu++0x";
				CLANG_CXX_LIBRARY = "libc++";
				CLANG_ENABLE_MODULES = YES;
				CLANG_ENABLE_OBJC_ARC = YES;
				CLANG_WARN_BOOL_CONVERSION = YES;
				CLANG_WARN_CONSTANT_CONVERSION = YES;
				CLANG_WARN_DIRECT_OBJC_ISA_USAGE = YES_ERROR;
				CLANG_WARN_EMPTY_BODY = YES;
				CLANG_WARN_ENUM_CONVERSION = YES;
				CLANG_WARN_INT_CONVERSION = YES;
				CLANG_WARN_OBJC_ROOT_CLASS = YES_ERROR;
				CLANG_WARN_UNREACHABLE_CODE = YES;
				CLANG_WARN__DUPLICATE_METHOD_MATCH = YES;
				"CODE_SIGN_IDENTITY[sdk=iphoneos*]" = "iPhone Developer";
				COPY_PHASE_STRIP = YES;
				CURRENT_PROJECT_VERSION = 1;
				ENABLE_NS_ASSERTIONS = NO;
				ENABLE_STRICT_OBJC_MSGSEND = YES;
				FRAMEWORK_SEARCH_PATHS = (
					"$(inherited)",
					$SRCROOT/../../Carthage/Build/iOS,
				);
				GCC_C_LANGUAGE_STANDARD = gnu99;
				GCC_WARN_64_TO_32_BIT_CONVERSION = YES;
				GCC_WARN_ABOUT_RETURN_TYPE = YES_ERROR;
				GCC_WARN_UNDECLARED_SELECTOR = YES;
				GCC_WARN_UNINITIALIZED_AUTOS = YES_AGGRESSIVE;
				GCC_WARN_UNUSED_FUNCTION = YES;
				GCC_WARN_UNUSED_VARIABLE = YES;
				IPHONEOS_DEPLOYMENT_TARGET = 8.0;
				MTL_ENABLE_DEBUG_INFO = NO;
				PRODUCT_NAME = CocoaHTTPServer;
				SDKROOT = macosx;
				SUPPORTED_PLATFORMS = macosx;
				TARGETED_DEVICE_FAMILY = "1,2";
				VALIDATE_PRODUCT = YES;
				VALID_ARCHS = "i386 x86_64";
				VERSIONING_SYSTEM = "apple-generic";
				VERSION_INFO_PREFIX = "";
			};
			name = Release;
		};
		6EF631F919C4178D006FBD89 /* Debug */ = {
			isa = XCBuildConfiguration;
			buildSettings = {
				COMBINE_HIDPI_IMAGES = YES;
				DEFINES_MODULE = YES;
				DYLIB_COMPATIBILITY_VERSION = 1;
				DYLIB_CURRENT_VERSION = 1;
				DYLIB_INSTALL_NAME_BASE = "@rpath";
				INFOPLIST_FILE = CocoaHTTPServer/Info.plist;
				INSTALL_PATH = "$(LOCAL_LIBRARY_DIR)/Frameworks";
				LD_RUNPATH_SEARCH_PATHS = "$(inherited) @executable_path/Frameworks @loader_path/Frameworks";
				PRODUCT_NAME = CocoaHTTPServer;
				SKIP_INSTALL = YES;
			};
			name = Debug;
		};
		6EF631FA19C4178D006FBD89 /* Release */ = {
			isa = XCBuildConfiguration;
			buildSettings = {
				COMBINE_HIDPI_IMAGES = YES;
				DEFINES_MODULE = YES;
				DYLIB_COMPATIBILITY_VERSION = 1;
				DYLIB_CURRENT_VERSION = 1;
				DYLIB_INSTALL_NAME_BASE = "@rpath";
				INFOPLIST_FILE = CocoaHTTPServer/Info.plist;
				INSTALL_PATH = "$(LOCAL_LIBRARY_DIR)/Frameworks";
				LD_RUNPATH_SEARCH_PATHS = "$(inherited) @executable_path/Frameworks @loader_path/Frameworks";
				PRODUCT_NAME = CocoaHTTPServer;
				SKIP_INSTALL = YES;
			};
			name = Release;
		};
		6EF631FC19C4178D006FBD89 /* Debug */ = {
			isa = XCBuildConfiguration;
			buildSettings = {
				COMBINE_HIDPI_IMAGES = YES;
				FRAMEWORK_SEARCH_PATHS = (
					"$(SDKROOT)",
					"$(inherited)",
				);
				GCC_PREPROCESSOR_DEFINITIONS = (
					"DEBUG=1",
					"$(inherited)",
				);
				INFOPLIST_FILE = CocoaHTTPServerTests/Info.plist;
				LD_RUNPATH_SEARCH_PATHS = "$(inherited) @executable_path/Frameworks @loader_path/Frameworks";
				PRODUCT_NAME = "$(TARGET_NAME)";
			};
			name = Debug;
		};
		6EF631FD19C4178D006FBD89 /* Release */ = {
			isa = XCBuildConfiguration;
			buildSettings = {
				COMBINE_HIDPI_IMAGES = YES;
				FRAMEWORK_SEARCH_PATHS = (
					"$(SDKROOT)",
					"$(inherited)",
				);
				INFOPLIST_FILE = CocoaHTTPServerTests/Info.plist;
				LD_RUNPATH_SEARCH_PATHS = "$(inherited) @executable_path/Frameworks @loader_path/Frameworks";
				PRODUCT_NAME = "$(TARGET_NAME)";
			};
			name = Release;
		};
/* End XCBuildConfiguration section */

/* Begin XCConfigurationList section */
		6E9678591B31FBDD003AFBBA /* Build configuration list for PBXNativeTarget "CocoaHTTPServer iOS" */ = {
			isa = XCConfigurationList;
			buildConfigurations = (
				6E96785A1B31FBDD003AFBBA /* Debug */,
				6E96785B1B31FBDD003AFBBA /* Release */,
			);
			defaultConfigurationIsVisible = 0;
			defaultConfigurationName = Release;
		};
		6E9678631B31FCC6003AFBBA /* Build configuration list for PBXNativeTarget "CocoaHTTPServerTests iOS" */ = {
			isa = XCConfigurationList;
			buildConfigurations = (
				6E9678641B31FCC6003AFBBA /* Debug */,
				6E9678651B31FCC6003AFBBA /* Release */,
			);
			defaultConfigurationIsVisible = 0;
			defaultConfigurationName = Release;
		};
		6EF631DF19C4178D006FBD89 /* Build configuration list for PBXProject "CocoaHTTPServer" */ = {
			isa = XCConfigurationList;
			buildConfigurations = (
				6EF631F619C4178D006FBD89 /* Debug */,
				6EF631F719C4178D006FBD89 /* Release */,
			);
			defaultConfigurationIsVisible = 0;
			defaultConfigurationName = Release;
		};
		6EF631F819C4178D006FBD89 /* Build configuration list for PBXNativeTarget "CocoaHTTPServer OS X" */ = {
			isa = XCConfigurationList;
			buildConfigurations = (
				6EF631F919C4178D006FBD89 /* Debug */,
				6EF631FA19C4178D006FBD89 /* Release */,
			);
			defaultConfigurationIsVisible = 0;
			defaultConfigurationName = Release;
		};
		6EF631FB19C4178D006FBD89 /* Build configuration list for PBXNativeTarget "CocoaHTTPServerTests OS X" */ = {
			isa = XCConfigurationList;
			buildConfigurations = (
				6EF631FC19C4178D006FBD89 /* Debug */,
				6EF631FD19C4178D006FBD89 /* Release */,
			);
			defaultConfigurationIsVisible = 0;
			defaultConfigurationName = Release;
		};
/* End XCConfigurationList section */
	};
	rootObject = 6EF631DC19C4178D006FBD89 /* Project object */;
}
